// !$*UTF8*$!
{
	archiveVersion = 1;
	classes = {
	};
	objectVersion = 46;
	objects = {

/* Begin PBXBuildFile section */
		2B52AF8C6F6D4BBCF9ABF8C7 /* Pods.framework in Frameworks */ = {isa = PBXBuildFile; fileRef = C5E20A803C27C02AFCDD2DA7 /* Pods.framework */; settings = {ATTRIBUTES = (Weak, ); }; };
		8ABF21D41A85C6D30015E268 /* AppDelegate.swift in Sources */ = {isa = PBXBuildFile; fileRef = 8ABF21D31A85C6D30015E268 /* AppDelegate.swift */; };
		8ABF21D91A85C6D30015E268 /* Main.storyboard in Resources */ = {isa = PBXBuildFile; fileRef = 8ABF21D71A85C6D30015E268 /* Main.storyboard */; };
		8ABF21DB1A85C6D30015E268 /* Images.xcassets in Resources */ = {isa = PBXBuildFile; fileRef = 8ABF21DA1A85C6D30015E268 /* Images.xcassets */; };
		8ABF21DE1A85C6D30015E268 /* LaunchScreen.xib in Resources */ = {isa = PBXBuildFile; fileRef = 8ABF21DC1A85C6D30015E268 /* LaunchScreen.xib */; };
		8ABF21EA1A85C6D30015E268 /* FootNewsSampleTests.swift in Sources */ = {isa = PBXBuildFile; fileRef = 8ABF21E91A85C6D30015E268 /* FootNewsSampleTests.swift */; };
		8ABF21F41A85CA900015E268 /* TableViewController.swift in Sources */ = {isa = PBXBuildFile; fileRef = 8ABF21F31A85CA900015E268 /* TableViewController.swift */; };
		8ABF21F61A85CACE0015E268 /* DetailViewController.swift in Sources */ = {isa = PBXBuildFile; fileRef = 8ABF21F51A85CACE0015E268 /* DetailViewController.swift */; };
/* End PBXBuildFile section */

/* Begin PBXContainerItemProxy section */
		8ABF21E41A85C6D30015E268 /* PBXContainerItemProxy */ = {
			isa = PBXContainerItemProxy;
			containerPortal = 8ABF21C61A85C6D30015E268 /* Project object */;
			proxyType = 1;
			remoteGlobalIDString = 8ABF21CD1A85C6D30015E268;
			remoteInfo = FootNewsSample;
		};
/* End PBXContainerItemProxy section */

/* Begin PBXFileReference section */
		2FE02FEEBD90011A2A267108 /* Pods.debug.xcconfig */ = {isa = PBXFileReference; includeInIndex = 1; lastKnownFileType = text.xcconfig; name = Pods.debug.xcconfig; path = "Pods/Target Support Files/Pods/Pods.debug.xcconfig"; sourceTree = "<group>"; };
		8ABF21CE1A85C6D30015E268 /* FootNewsSample.app */ = {isa = PBXFileReference; explicitFileType = wrapper.application; includeInIndex = 0; path = FootNewsSample.app; sourceTree = BUILT_PRODUCTS_DIR; };
		8ABF21D21A85C6D30015E268 /* Info.plist */ = {isa = PBXFileReference; lastKnownFileType = text.plist.xml; path = Info.plist; sourceTree = "<group>"; };
		8ABF21D31A85C6D30015E268 /* AppDelegate.swift */ = {isa = PBXFileReference; lastKnownFileType = sourcecode.swift; path = AppDelegate.swift; sourceTree = "<group>"; };
		8ABF21D81A85C6D30015E268 /* Base */ = {isa = PBXFileReference; lastKnownFileType = file.storyboard; name = Base; path = Base.lproj/Main.storyboard; sourceTree = "<group>"; };
		8ABF21DA1A85C6D30015E268 /* Images.xcassets */ = {isa = PBXFileReference; lastKnownFileType = folder.assetcatalog; path = Images.xcassets; sourceTree = "<group>"; };
		8ABF21DD1A85C6D30015E268 /* Base */ = {isa = PBXFileReference; lastKnownFileType = file.xib; name = Base; path = Base.lproj/LaunchScreen.xib; sourceTree = "<group>"; };
		8ABF21E31A85C6D30015E268 /* FootNewsSampleTests.xctest */ = {isa = PBXFileReference; explicitFileType = wrapper.cfbundle; includeInIndex = 0; path = FootNewsSampleTests.xctest; sourceTree = BUILT_PRODUCTS_DIR; };
		8ABF21E81A85C6D30015E268 /* Info.plist */ = {isa = PBXFileReference; lastKnownFileType = text.plist.xml; path = Info.plist; sourceTree = "<group>"; };
		8ABF21E91A85C6D30015E268 /* FootNewsSampleTests.swift */ = {isa = PBXFileReference; lastKnownFileType = sourcecode.swift; path = FootNewsSampleTests.swift; sourceTree = "<group>"; };
		8ABF21F31A85CA900015E268 /* TableViewController.swift */ = {isa = PBXFileReference; fileEncoding = 4; lastKnownFileType = sourcecode.swift; path = TableViewController.swift; sourceTree = "<group>"; };
		8ABF21F51A85CACE0015E268 /* DetailViewController.swift */ = {isa = PBXFileReference; fileEncoding = 4; lastKnownFileType = sourcecode.swift; path = DetailViewController.swift; sourceTree = "<group>"; };
		C5E20A803C27C02AFCDD2DA7 /* Pods.framework */ = {isa = PBXFileReference; explicitFileType = wrapper.framework; includeInIndex = 0; path = Pods.framework; sourceTree = BUILT_PRODUCTS_DIR; };
		F144458DB9F41A4F2B4C8BAD /* Pods.release.xcconfig */ = {isa = PBXFileReference; includeInIndex = 1; lastKnownFileType = text.xcconfig; name = Pods.release.xcconfig; path = "Pods/Target Support Files/Pods/Pods.release.xcconfig"; sourceTree = "<group>"; };
/* End PBXFileReference section */

/* Begin PBXFrameworksBuildPhase section */
		8ABF21CB1A85C6D30015E268 /* Frameworks */ = {
			isa = PBXFrameworksBuildPhase;
			buildActionMask = 2147483647;
			files = (
				2B52AF8C6F6D4BBCF9ABF8C7 /* Pods.framework in Frameworks */,
			);
			runOnlyForDeploymentPostprocessing = 0;
		};
		8ABF21E01A85C6D30015E268 /* Frameworks */ = {
			isa = PBXFrameworksBuildPhase;
			buildActionMask = 2147483647;
			files = (
			);
			runOnlyForDeploymentPostprocessing = 0;
		};
/* End PBXFrameworksBuildPhase section */

/* Begin PBXGroup section */
		75807082319C00BFAA3C9514 /* Frameworks */ = {
			isa = PBXGroup;
			children = (
				C5E20A803C27C02AFCDD2DA7 /* Pods.framework */,
			);
			name = Frameworks;
			sourceTree = "<group>";
		};
		8ABF21C51A85C6D30015E268 = {
			isa = PBXGroup;
			children = (
				8ABF21D01A85C6D30015E268 /* FootNewsSample */,
				8ABF21E61A85C6D30015E268 /* FootNewsSampleTests */,
				8ABF21CF1A85C6D30015E268 /* Products */,
				A891A55458D4A5F1ABEB894C /* Pods */,
				75807082319C00BFAA3C9514 /* Frameworks */,
			);
			sourceTree = "<group>";
		};
		8ABF21CF1A85C6D30015E268 /* Products */ = {
			isa = PBXGroup;
			children = (
				8ABF21CE1A85C6D30015E268 /* FootNewsSample.app */,
				8ABF21E31A85C6D30015E268 /* FootNewsSampleTests.xctest */,
			);
			name = Products;
			sourceTree = "<group>";
		};
		8ABF21D01A85C6D30015E268 /* FootNewsSample */ = {
			isa = PBXGroup;
			children = (
				8ABF21D31A85C6D30015E268 /* AppDelegate.swift */,
				8ABF21F31A85CA900015E268 /* TableViewController.swift */,
				8ABF21F51A85CACE0015E268 /* DetailViewController.swift */,
				8ABF21D71A85C6D30015E268 /* Main.storyboard */,
				8ABF21DA1A85C6D30015E268 /* Images.xcassets */,
				8ABF21DC1A85C6D30015E268 /* LaunchScreen.xib */,
				8ABF21D11A85C6D30015E268 /* Supporting Files */,
			);
			path = FootNewsSample;
			sourceTree = "<group>";
		};
		8ABF21D11A85C6D30015E268 /* Supporting Files */ = {
			isa = PBXGroup;
			children = (
				8ABF21D21A85C6D30015E268 /* Info.plist */,
			);
			name = "Supporting Files";
			sourceTree = "<group>";
		};
		8ABF21E61A85C6D30015E268 /* FootNewsSampleTests */ = {
			isa = PBXGroup;
			children = (
				8ABF21E91A85C6D30015E268 /* FootNewsSampleTests.swift */,
				8ABF21E71A85C6D30015E268 /* Supporting Files */,
			);
			path = FootNewsSampleTests;
			sourceTree = "<group>";
		};
		8ABF21E71A85C6D30015E268 /* Supporting Files */ = {
			isa = PBXGroup;
			children = (
				8ABF21E81A85C6D30015E268 /* Info.plist */,
			);
			name = "Supporting Files";
			sourceTree = "<group>";
		};
		A891A55458D4A5F1ABEB894C /* Pods */ = {
			isa = PBXGroup;
			children = (
				2FE02FEEBD90011A2A267108 /* Pods.debug.xcconfig */,
				F144458DB9F41A4F2B4C8BAD /* Pods.release.xcconfig */,
			);
			name = Pods;
			sourceTree = "<group>";
		};
/* End PBXGroup section */

/* Begin PBXNativeTarget section */
		8ABF21CD1A85C6D30015E268 /* FootNewsSample */ = {
			isa = PBXNativeTarget;
			buildConfigurationList = 8ABF21ED1A85C6D30015E268 /* Build configuration list for PBXNativeTarget "FootNewsSample" */;
			buildPhases = (
				78979FE3BD0611F40F273786 /* Check Pods Manifest.lock */,
				8ABF21CA1A85C6D30015E268 /* Sources */,
				8ABF21CB1A85C6D30015E268 /* Frameworks */,
				8ABF21CC1A85C6D30015E268 /* Resources */,
				74B94C981BDFBE1579D9968B /* Embed Pods Frameworks */,
				CC0FCAD2F9B1E7E3A5533914 /* Copy Pods Resources */,
			);
			buildRules = (
			);
			dependencies = (
			);
			name = FootNewsSample;
			productName = FootNewsSample;
			productReference = 8ABF21CE1A85C6D30015E268 /* FootNewsSample.app */;
			productType = "com.apple.product-type.application";
		};
		8ABF21E21A85C6D30015E268 /* FootNewsSampleTests */ = {
			isa = PBXNativeTarget;
			buildConfigurationList = 8ABF21F01A85C6D30015E268 /* Build configuration list for PBXNativeTarget "FootNewsSampleTests" */;
			buildPhases = (
				8ABF21DF1A85C6D30015E268 /* Sources */,
				8ABF21E01A85C6D30015E268 /* Frameworks */,
				8ABF21E11A85C6D30015E268 /* Resources */,
			);
			buildRules = (
			);
			dependencies = (
				8ABF21E51A85C6D30015E268 /* PBXTargetDependency */,
			);
			name = FootNewsSampleTests;
			productName = FootNewsSampleTests;
			productReference = 8ABF21E31A85C6D30015E268 /* FootNewsSampleTests.xctest */;
			productType = "com.apple.product-type.bundle.unit-test";
		};
/* End PBXNativeTarget section */

/* Begin PBXProject section */
		8ABF21C61A85C6D30015E268 /* Project object */ = {
			isa = PBXProject;
			attributes = {
				LastUpgradeCheck = 0610;
				ORGANIZATIONNAME = YoshimaFUKUDA;
				TargetAttributes = {
					8ABF21CD1A85C6D30015E268 = {
						CreatedOnToolsVersion = 6.1.1;
					};
					8ABF21E21A85C6D30015E268 = {
						CreatedOnToolsVersion = 6.1.1;
						TestTargetID = 8ABF21CD1A85C6D30015E268;
					};
				};
			};
			buildConfigurationList = 8ABF21C91A85C6D30015E268 /* Build configuration list for PBXProject "FootNewsSample" */;
			compatibilityVersion = "Xcode 3.2";
			developmentRegion = English;
			hasScannedForEncodings = 0;
			knownRegions = (
				en,
				Base,
			);
			mainGroup = 8ABF21C51A85C6D30015E268;
			productRefGroup = 8ABF21CF1A85C6D30015E268 /* Products */;
			projectDirPath = "";
			projectRoot = "";
			targets = (
				8ABF21CD1A85C6D30015E268 /* FootNewsSample */,
				8ABF21E21A85C6D30015E268 /* FootNewsSampleTests */,
			);
		};
/* End PBXProject section */

/* Begin PBXResourcesBuildPhase section */
		8ABF21CC1A85C6D30015E268 /* Resources */ = {
			isa = PBXResourcesBuildPhase;
			buildActionMask = 2147483647;
			files = (
				8ABF21D91A85C6D30015E268 /* Main.storyboard in Resources */,
				8ABF21DE1A85C6D30015E268 /* LaunchScreen.xib in Resources */,
				8ABF21DB1A85C6D30015E268 /* Images.xcassets in Resources */,
			);
			runOnlyForDeploymentPostprocessing = 0;
		};
		8ABF21E11A85C6D30015E268 /* Resources */ = {
			isa = PBXResourcesBuildPhase;
			buildActionMask = 2147483647;
			files = (
			);
			runOnlyForDeploymentPostprocessing = 0;
		};
/* End PBXResourcesBuildPhase section */

/* Begin PBXShellScriptBuildPhase section */
		74B94C981BDFBE1579D9968B /* Embed Pods Frameworks */ = {
			isa = PBXShellScriptBuildPhase;
			buildActionMask = 2147483647;
			files = (
			);
			inputPaths = (
			);
			name = "Embed Pods Frameworks";
			outputPaths = (
			);
			runOnlyForDeploymentPostprocessing = 0;
			shellPath = /bin/sh;
			shellScript = "\"${SRCROOT}/Pods/Target Support Files/Pods/Pods-frameworks.sh\"\n";
			showEnvVarsInLog = 0;
		};
		78979FE3BD0611F40F273786 /* Check Pods Manifest.lock */ = {
			isa = PBXShellScriptBuildPhase;
			buildActionMask = 2147483647;
			files = (
			);
			inputPaths = (
			);
			name = "Check Pods Manifest.lock";
			outputPaths = (
			);
			runOnlyForDeploymentPostprocessing = 0;
			shellPath = /bin/sh;
			shellScript = "diff \"${PODS_ROOT}/../Podfile.lock\" \"${PODS_ROOT}/Manifest.lock\" > /dev/null\nif [[ $? != 0 ]] ; then\n    cat << EOM\nerror: The sandbox is not in sync with the Podfile.lock. Run 'pod install' or update your CocoaPods installation.\nEOM\n    exit 1\nfi\n";
			showEnvVarsInLog = 0;
		};
		CC0FCAD2F9B1E7E3A5533914 /* Copy Pods Resources */ = {
			isa = PBXShellScriptBuildPhase;
			buildActionMask = 2147483647;
			files = (
			);
			inputPaths = (
			);
			name = "Copy Pods Resources";
			outputPaths = (
			);
			runOnlyForDeploymentPostprocessing = 0;
			shellPath = /bin/sh;
			shellScript = "\"${SRCROOT}/Pods/Target Support Files/Pods/Pods-resources.sh\"\n";
			showEnvVarsInLog = 0;
		};
/* End PBXShellScriptBuildPhase section */

/* Begin PBXSourcesBuildPhase section */
		8ABF21CA1A85C6D30015E268 /* Sources */ = {
			isa = PBXSourcesBuildPhase;
			buildActionMask = 2147483647;
			files = (
				8ABF21F41A85CA900015E268 /* TableViewController.swift in Sources */,
				8ABF21D41A85C6D30015E268 /* AppDelegate.swift in Sources */,
				8ABF21F61A85CACE0015E268 /* DetailViewController.swift in Sources */,
			);
			runOnlyForDeploymentPostprocessing = 0;
		};
		8ABF21DF1A85C6D30015E268 /* Sources */ = {
			isa = PBXSourcesBuildPhase;
			buildActionMask = 2147483647;
			files = (
				8ABF21EA1A85C6D30015E268 /* FootNewsSampleTests.swift in Sources */,
			);
			runOnlyForDeploymentPostprocessing = 0;
		};
/* End PBXSourcesBuildPhase section */

/* Begin PBXTargetDependency section */
		8ABF21E51A85C6D30015E268 /* PBXTargetDependency */ = {
			isa = PBXTargetDependency;
			target = 8ABF21CD1A85C6D30015E268 /* FootNewsSample */;
			targetProxy = 8ABF21E41A85C6D30015E268 /* PBXContainerItemProxy */;
		};
/* End PBXTargetDependency section */

/* Begin PBXVariantGroup section */
		8ABF21D71A85C6D30015E268 /* Main.storyboard */ = {
			isa = PBXVariantGroup;
			children = (
				8ABF21D81A85C6D30015E268 /* Base */,
			);
			name = Main.storyboard;
			sourceTree = "<group>";
		};
		8ABF21DC1A85C6D30015E268 /* LaunchScreen.xib */ = {
			isa = PBXVariantGroup;
			children = (
				8ABF21DD1A85C6D30015E268 /* Base */,
			);
			name = LaunchScreen.xib;
			sourceTree = "<group>";
		};
/* End PBXVariantGroup section */

/* Begin XCBuildConfiguration section */
		8ABF21EB1A85C6D30015E268 /* Debug */ = {
			isa = XCBuildConfiguration;
			buildSettings = {
				ALWAYS_SEARCH_USER_PATHS = NO;
				CLANG_CXX_LANGUAGE_STANDARD = "gnu++0x";
				CLANG_CXX_LIBRARY = "libc++";
				CLANG_ENABLE_MODULES = YES;
				CLANG_ENABLE_OBJC_ARC = YES;
				CLANG_WARN_BOOL_CONVERSION = YES;
				CLANG_WARN_CONSTANT_CONVERSION = YES;
				CLANG_WARN_DIRECT_OBJC_ISA_USAGE = YES_ERROR;
				CLANG_WARN_EMPTY_BODY = YES;
				CLANG_WARN_ENUM_CONVERSION = YES;
				CLANG_WARN_INT_CONVERSION = YES;
				CLANG_WARN_OBJC_ROOT_CLASS = YES_ERROR;
				CLANG_WARN_UNREACHABLE_CODE = YES;
				CLANG_WARN__DUPLICATE_METHOD_MATCH = YES;
				"CODE_SIGN_IDENTITY[sdk=iphoneos*]" = "iPhone Developer";
				COPY_PHASE_STRIP = NO;
				ENABLE_STRICT_OBJC_MSGSEND = YES;
				GCC_C_LANGUAGE_STANDARD = gnu99;
				GCC_DYNAMIC_NO_PIC = NO;
				GCC_OPTIMIZATION_LEVEL = 0;
				GCC_PREPROCESSOR_DEFINITIONS = (
					"DEBUG=1",
					"$(inherited)",
				);
				GCC_SYMBOLS_PRIVATE_EXTERN = NO;
				GCC_WARN_64_TO_32_BIT_CONVERSION = YES;
				GCC_WARN_ABOUT_RETURN_TYPE = YES_ERROR;
				GCC_WARN_UNDECLARED_SELECTOR = YES;
				GCC_WARN_UNINITIALIZED_AUTOS = YES_AGGRESSIVE;
				GCC_WARN_UNUSED_FUNCTION = YES;
				GCC_WARN_UNUSED_VARIABLE = YES;
				IPHONEOS_DEPLOYMENT_TARGET = 8.1;
				MTL_ENABLE_DEBUG_INFO = YES;
				ONLY_ACTIVE_ARCH = YES;
				SDKROOT = iphoneos;
				SWIFT_OPTIMIZATION_LEVEL = "-Onone";
			};
			name = Debug;
		};
		8ABF21EC1A85C6D30015E268 /* Release */ = {
			isa = XCBuildConfiguration;
			buildSettings = {
				ALWAYS_SEARCH_USER_PATHS = NO;
				CLANG_CXX_LANGUAGE_STANDARD = "gnu++0x";
				CLANG_CXX_LIBRARY = "libc++";
				CLANG_ENABLE_MODULES = YES;
				CLANG_ENABLE_OBJC_ARC = YES;
				CLANG_WARN_BOOL_CONVERSION = YES;
				CLANG_WARN_CONSTANT_CONVERSION = YES;
				CLANG_WARN_DIRECT_OBJC_ISA_USAGE = YES_ERROR;
				CLANG_WARN_EMPTY_BODY = YES;
				CLANG_WARN_ENUM_CONVERSION = YES;
				CLANG_WARN_INT_CONVERSION = YES;
				CLANG_WARN_OBJC_ROOT_CLASS = YES_ERROR;
				CLANG_WARN_UNREACHABLE_CODE = YES;
				CLANG_WARN__DUPLICATE_METHOD_MATCH = YES;
				"CODE_SIGN_IDENTITY[sdk=iphoneos*]" = "iPhone Developer";
				COPY_PHASE_STRIP = YES;
				ENABLE_NS_ASSERTIONS = NO;
				ENABLE_STRICT_OBJC_MSGSEND = YES;
				GCC_C_LANGUAGE_STANDARD = gnu99;
				GCC_WARN_64_TO_32_BIT_CONVERSION = YES;
				GCC_WARN_ABOUT_RETURN_TYPE = YES_ERROR;
				GCC_WARN_UNDECLARED_SELECTOR = YES;
				GCC_WARN_UNINITIALIZED_AUTOS = YES_AGGRESSIVE;
				GCC_WARN_UNUSED_FUNCTION = YES;
				GCC_WARN_UNUSED_VARIABLE = YES;
				IPHONEOS_DEPLOYMENT_TARGET = 8.1;
				MTL_ENABLE_DEBUG_INFO = NO;
				SDKROOT = iphoneos;
				VALIDATE_PRODUCT = YES;
			};
			name = Release;
		};
		8ABF21EE1A85C6D30015E268 /* Debug */ = {
			isa = XCBuildConfiguration;
			baseConfigurationReference = 2FE02FEEBD90011A2A267108 /* Pods.debug.xcconfig */;
			buildSettings = {
				ASSETCATALOG_COMPILER_APPICON_NAME = AppIcon;
				INFOPLIST_FILE = FootNewsSample/Info.plist;
				LD_RUNPATH_SEARCH_PATHS = "$(inherited) @executable_path/Frameworks";
				PRODUCT_NAME = "$(TARGET_NAME)";
			};
			name = Debug;
		};
		8ABF21EF1A85C6D30015E268 /* Release */ = {
			isa = XCBuildConfiguration;
			baseConfigurationReference = F144458DB9F41A4F2B4C8BAD /* Pods.release.xcconfig */;
			buildSettings = {
				ASSETCATALOG_COMPILER_APPICON_NAME = AppIcon;
				INFOPLIST_FILE = FootNewsSample/Info.plist;
				LD_RUNPATH_SEARCH_PATHS = "$(inherited) @executable_path/Frameworks";
				PRODUCT_NAME = "$(TARGET_NAME)";
			};
			name = Release;
		};
		8ABF21F11A85C6D30015E268 /* Debug */ = {
			isa = XCBuildConfiguration;
			buildSettings = {
				BUNDLE_LOADER = "$(TEST_HOST)";
				FRAMEWORK_SEARCH_PATHS = (
					"$(SDKROOT)/Developer/Library/Frameworks",
					"$(inherited)",
				);
				GCC_PREPROCESSOR_DEFINITIONS = (
					"DEBUG=1",
					"$(inherited)",
				);
				INFOPLIST_FILE = FootNewsSampleTests/Info.plist;
				LD_RUNPATH_SEARCH_PATHS = "$(inherited) @executable_path/Frameworks @loader_path/Frameworks";
				PRODUCT_NAME = "$(TARGET_NAME)";
				TEST_HOST = "$(BUILT_PRODUCTS_DIR)/FootNewsSample.app/FootNewsSample";
			};
			name = Debug;
		};
		8ABF21F21A85C6D30015E268 /* Release */ = {
			isa = XCBuildConfiguration;
			buildSettings = {
				BUNDLE_LOADER = "$(TEST_HOST)";
				FRAMEWORK_SEARCH_PATHS = (
					"$(SDKROOT)/Developer/Library/Frameworks",
					"$(inherited)",
				);
				INFOPLIST_FILE = FootNewsSampleTests/Info.plist;
				LD_RUNPATH_SEARCH_PATHS = "$(inherited) @executable_path/Frameworks @loader_path/Frameworks";
				PRODUCT_NAME = "$(TARGET_NAME)";
				TEST_HOST = "$(BUILT_PRODUCTS_DIR)/FootNewsSample.app/FootNewsSample";
			};
			name = Release;
		};
/* End XCBuildConfiguration section */

/* Begin XCConfigurationList section */
		8ABF21C91A85C6D30015E268 /* Build configuration list for PBXProject "FootNewsSample" */ = {
			isa = XCConfigurationList;
			buildConfigurations = (
				8ABF21EB1A85C6D30015E268 /* Debug */,
				8ABF21EC1A85C6D30015E268 /* Release */,
			);
			defaultConfigurationIsVisible = 0;
			defaultConfigurationName = Release;
		};
		8ABF21ED1A85C6D30015E268 /* Build configuration list for PBXNativeTarget "FootNewsSample" */ = {
			isa = XCConfigurationList;
			buildConfigurations = (
				8ABF21EE1A85C6D30015E268 /* Debug */,
				8ABF21EF1A85C6D30015E268 /* Release */,
			);
			defaultConfigurationIsVisible = 0;
			defaultConfigurationName = Release;
		};
		8ABF21F01A85C6D30015E268 /* Build configuration list for PBXNativeTarget "FootNewsSampleTests" */ = {
			isa = XCConfigurationList;
			buildConfigurations = (
				8ABF21F11A85C6D30015E268 /* Debug */,
				8ABF21F21A85C6D30015E268 /* Release */,
			);
			defaultConfigurationIsVisible = 0;
			defaultConfigurationName = Release;
		};
/* End XCConfigurationList section */
	};
	rootObject = 8ABF21C61A85C6D30015E268 /* Project object */;
}
